// !$*UTF8*$!
{
	archiveVersion = 1;
	classes = {
	};
	objectVersion = 50;
	objects = {

/* Begin PBXBuildFile section */
		AD344FA9249F9BA900E839DC /* AppDelegate.m in Sources */ = {isa = PBXBuildFile; fileRef = AD344FA8249F9BA900E839DC /* AppDelegate.m */; };
		AD344FAC249F9BA900E839DC /* SceneDelegate.m in Sources */ = {isa = PBXBuildFile; fileRef = AD344FAB249F9BA900E839DC /* SceneDelegate.m */; };
		AD344FAF249F9BA900E839DC /* ViewController.m in Sources */ = {isa = PBXBuildFile; fileRef = AD344FAE249F9BA900E839DC /* ViewController.m */; };
		AD344FB4249F9BAC00E839DC /* Assets.xcassets in Resources */ = {isa = PBXBuildFile; fileRef = AD344FB3249F9BAC00E839DC /* Assets.xcassets */; };
		AD344FB7249F9BAC00E839DC /* LaunchScreen.storyboard in Resources */ = {isa = PBXBuildFile; fileRef = AD344FB5249F9BAC00E839DC /* LaunchScreen.storyboard */; };
		AD344FBA249F9BAC00E839DC /* main.m in Sources */ = {isa = PBXBuildFile; fileRef = AD344FB9249F9BAC00E839DC /* main.m */; };
		AD344FC4249F9BAD00E839DC /* Task_6Tests.m in Sources */ = {isa = PBXBuildFile; fileRef = AD344FC3249F9BAD00E839DC /* Task_6Tests.m */; };
		AD344FCF249F9BAD00E839DC /* Task_6UITests.m in Sources */ = {isa = PBXBuildFile; fileRef = AD344FCE249F9BAD00E839DC /* Task_6UITests.m */; };
		AD344FDE249F9BEE00E839DC /* HomeViewController.m in Sources */ = {isa = PBXBuildFile; fileRef = AD344FDD249F9BEE00E839DC /* HomeViewController.m */; };
		AD344FE1249F9C2300E839DC /* UIColor+HexToUIColor.m in Sources */ = {isa = PBXBuildFile; fileRef = AD344FE0249F9C2300E839DC /* UIColor+HexToUIColor.m */; };
		AD344FE4249F9C9800E839DC /* NavigationController.m in Sources */ = {isa = PBXBuildFile; fileRef = AD344FE3249F9C9800E839DC /* NavigationController.m */; };
		AD344FE7249F9D7100E839DC /* TabBarViewController.m in Sources */ = {isa = PBXBuildFile; fileRef = AD344FE6249F9D7100E839DC /* TabBarViewController.m */; };
		AD344FEA249F9F8100E839DC /* InfoViewController.m in Sources */ = {isa = PBXBuildFile; fileRef = AD344FE9249F9F8100E839DC /* InfoViewController.m */; };
		AD344FED249F9F9400E839DC /* GalleryViewController.m in Sources */ = {isa = PBXBuildFile; fileRef = AD344FEC249F9F9400E839DC /* GalleryViewController.m */; };
		AD344FF0249F9FA700E839DC /* RSSchoolViewController.m in Sources */ = {isa = PBXBuildFile; fileRef = AD344FEF249F9FA700E839DC /* RSSchoolViewController.m */; };
		AD344FF3249FB5D600E839DC /* ImageCollectionViewCell.m in Sources */ = {isa = PBXBuildFile; fileRef = AD344FF2249FB5D600E839DC /* ImageCollectionViewCell.m */; };
		AD344FF6249FB94200E839DC /* CustomTableViewCell.m in Sources */ = {isa = PBXBuildFile; fileRef = AD344FF5249FB94200E839DC /* CustomTableViewCell.m */; };
		AD345000249FD21D00E839DC /* AdditionalInfoViewController.m in Sources */ = {isa = PBXBuildFile; fileRef = AD344FFF249FD21D00E839DC /* AdditionalInfoViewController.m */; };
		AD34500324A20D4400E839DC /* ModalViewController.m in Sources */ = {isa = PBXBuildFile; fileRef = AD34500224A20D4400E839DC /* ModalViewController.m */; };
/* End PBXBuildFile section */

/* Begin PBXContainerItemProxy section */
		AD344FC0249F9BAD00E839DC /* PBXContainerItemProxy */ = {
			isa = PBXContainerItemProxy;
			containerPortal = AD344F9C249F9BA900E839DC /* Project object */;
			proxyType = 1;
			remoteGlobalIDString = AD344FA3249F9BA900E839DC;
			remoteInfo = "Task-6";
		};
		AD344FCB249F9BAD00E839DC /* PBXContainerItemProxy */ = {
			isa = PBXContainerItemProxy;
			containerPortal = AD344F9C249F9BA900E839DC /* Project object */;
			proxyType = 1;
			remoteGlobalIDString = AD344FA3249F9BA900E839DC;
			remoteInfo = "Task-6";
		};
/* End PBXContainerItemProxy section */

/* Begin PBXFileReference section */
		AD344FA4249F9BA900E839DC /* Task-6.app */ = {isa = PBXFileReference; explicitFileType = wrapper.application; includeInIndex = 0; path = "Task-6.app"; sourceTree = BUILT_PRODUCTS_DIR; };
		AD344FA7249F9BA900E839DC /* AppDelegate.h */ = {isa = PBXFileReference; lastKnownFileType = sourcecode.c.h; path = AppDelegate.h; sourceTree = "<group>"; };
		AD344FA8249F9BA900E839DC /* AppDelegate.m */ = {isa = PBXFileReference; lastKnownFileType = sourcecode.c.objc; path = AppDelegate.m; sourceTree = "<group>"; };
		AD344FAA249F9BA900E839DC /* SceneDelegate.h */ = {isa = PBXFileReference; lastKnownFileType = sourcecode.c.h; path = SceneDelegate.h; sourceTree = "<group>"; };
		AD344FAB249F9BA900E839DC /* SceneDelegate.m */ = {isa = PBXFileReference; lastKnownFileType = sourcecode.c.objc; path = SceneDelegate.m; sourceTree = "<group>"; };
		AD344FAD249F9BA900E839DC /* ViewController.h */ = {isa = PBXFileReference; lastKnownFileType = sourcecode.c.h; path = ViewController.h; sourceTree = "<group>"; };
		AD344FAE249F9BA900E839DC /* ViewController.m */ = {isa = PBXFileReference; lastKnownFileType = sourcecode.c.objc; path = ViewController.m; sourceTree = "<group>"; };
		AD344FB3249F9BAC00E839DC /* Assets.xcassets */ = {isa = PBXFileReference; lastKnownFileType = folder.assetcatalog; path = Assets.xcassets; sourceTree = "<group>"; };
		AD344FB6249F9BAC00E839DC /* Base */ = {isa = PBXFileReference; lastKnownFileType = file.storyboard; name = Base; path = Base.lproj/LaunchScreen.storyboard; sourceTree = "<group>"; };
		AD344FB8249F9BAC00E839DC /* Info.plist */ = {isa = PBXFileReference; lastKnownFileType = text.plist.xml; path = Info.plist; sourceTree = "<group>"; };
		AD344FB9249F9BAC00E839DC /* main.m */ = {isa = PBXFileReference; lastKnownFileType = sourcecode.c.objc; path = main.m; sourceTree = "<group>"; };
		AD344FBF249F9BAD00E839DC /* Task-6Tests.xctest */ = {isa = PBXFileReference; explicitFileType = wrapper.cfbundle; includeInIndex = 0; path = "Task-6Tests.xctest"; sourceTree = BUILT_PRODUCTS_DIR; };
		AD344FC3249F9BAD00E839DC /* Task_6Tests.m */ = {isa = PBXFileReference; lastKnownFileType = sourcecode.c.objc; path = Task_6Tests.m; sourceTree = "<group>"; };
		AD344FC5249F9BAD00E839DC /* Info.plist */ = {isa = PBXFileReference; lastKnownFileType = text.plist.xml; path = Info.plist; sourceTree = "<group>"; };
		AD344FCA249F9BAD00E839DC /* Task-6UITests.xctest */ = {isa = PBXFileReference; explicitFileType = wrapper.cfbundle; includeInIndex = 0; path = "Task-6UITests.xctest"; sourceTree = BUILT_PRODUCTS_DIR; };
		AD344FCE249F9BAD00E839DC /* Task_6UITests.m */ = {isa = PBXFileReference; lastKnownFileType = sourcecode.c.objc; path = Task_6UITests.m; sourceTree = "<group>"; };
		AD344FD0249F9BAD00E839DC /* Info.plist */ = {isa = PBXFileReference; lastKnownFileType = text.plist.xml; path = Info.plist; sourceTree = "<group>"; };
		AD344FDC249F9BEE00E839DC /* HomeViewController.h */ = {isa = PBXFileReference; lastKnownFileType = sourcecode.c.h; path = HomeViewController.h; sourceTree = "<group>"; };
		AD344FDD249F9BEE00E839DC /* HomeViewController.m */ = {isa = PBXFileReference; lastKnownFileType = sourcecode.c.objc; path = HomeViewController.m; sourceTree = "<group>"; };
		AD344FDF249F9C2300E839DC /* UIColor+HexToUIColor.h */ = {isa = PBXFileReference; lastKnownFileType = sourcecode.c.h; path = "UIColor+HexToUIColor.h"; sourceTree = "<group>"; };
		AD344FE0249F9C2300E839DC /* UIColor+HexToUIColor.m */ = {isa = PBXFileReference; lastKnownFileType = sourcecode.c.objc; path = "UIColor+HexToUIColor.m"; sourceTree = "<group>"; };
		AD344FE2249F9C9800E839DC /* NavigationController.h */ = {isa = PBXFileReference; lastKnownFileType = sourcecode.c.h; path = NavigationController.h; sourceTree = "<group>"; };
		AD344FE3249F9C9800E839DC /* NavigationController.m */ = {isa = PBXFileReference; lastKnownFileType = sourcecode.c.objc; path = NavigationController.m; sourceTree = "<group>"; };
		AD344FE5249F9D7100E839DC /* TabBarViewController.h */ = {isa = PBXFileReference; lastKnownFileType = sourcecode.c.h; path = TabBarViewController.h; sourceTree = "<group>"; };
		AD344FE6249F9D7100E839DC /* TabBarViewController.m */ = {isa = PBXFileReference; lastKnownFileType = sourcecode.c.objc; path = TabBarViewController.m; sourceTree = "<group>"; };
		AD344FE8249F9F8100E839DC /* InfoViewController.h */ = {isa = PBXFileReference; lastKnownFileType = sourcecode.c.h; path = InfoViewController.h; sourceTree = "<group>"; };
		AD344FE9249F9F8100E839DC /* InfoViewController.m */ = {isa = PBXFileReference; lastKnownFileType = sourcecode.c.objc; path = InfoViewController.m; sourceTree = "<group>"; };
		AD344FEB249F9F9400E839DC /* GalleryViewController.h */ = {isa = PBXFileReference; lastKnownFileType = sourcecode.c.h; path = GalleryViewController.h; sourceTree = "<group>"; };
		AD344FEC249F9F9400E839DC /* GalleryViewController.m */ = {isa = PBXFileReference; lastKnownFileType = sourcecode.c.objc; path = GalleryViewController.m; sourceTree = "<group>"; };
		AD344FEE249F9FA700E839DC /* RSSchoolViewController.h */ = {isa = PBXFileReference; lastKnownFileType = sourcecode.c.h; path = RSSchoolViewController.h; sourceTree = "<group>"; };
		AD344FEF249F9FA700E839DC /* RSSchoolViewController.m */ = {isa = PBXFileReference; lastKnownFileType = sourcecode.c.objc; path = RSSchoolViewController.m; sourceTree = "<group>"; };
		AD344FF1249FB5D500E839DC /* ImageCollectionViewCell.h */ = {isa = PBXFileReference; lastKnownFileType = sourcecode.c.h; path = ImageCollectionViewCell.h; sourceTree = "<group>"; };
		AD344FF2249FB5D600E839DC /* ImageCollectionViewCell.m */ = {isa = PBXFileReference; lastKnownFileType = sourcecode.c.objc; path = ImageCollectionViewCell.m; sourceTree = "<group>"; };
		AD344FF4249FB94200E839DC /* CustomTableViewCell.h */ = {isa = PBXFileReference; lastKnownFileType = sourcecode.c.h; path = CustomTableViewCell.h; sourceTree = "<group>"; };
		AD344FF5249FB94200E839DC /* CustomTableViewCell.m */ = {isa = PBXFileReference; lastKnownFileType = sourcecode.c.objc; path = CustomTableViewCell.m; sourceTree = "<group>"; };
		AD344FFE249FD21D00E839DC /* AdditionalInfoViewController.h */ = {isa = PBXFileReference; lastKnownFileType = sourcecode.c.h; path = AdditionalInfoViewController.h; sourceTree = "<group>"; };
		AD344FFF249FD21D00E839DC /* AdditionalInfoViewController.m */ = {isa = PBXFileReference; lastKnownFileType = sourcecode.c.objc; path = AdditionalInfoViewController.m; sourceTree = "<group>"; };
		AD34500124A20D4400E839DC /* ModalViewController.h */ = {isa = PBXFileReference; lastKnownFileType = sourcecode.c.h; path = ModalViewController.h; sourceTree = "<group>"; };
		AD34500224A20D4400E839DC /* ModalViewController.m */ = {isa = PBXFileReference; lastKnownFileType = sourcecode.c.objc; path = ModalViewController.m; sourceTree = "<group>"; };
/* End PBXFileReference section */

/* Begin PBXFrameworksBuildPhase section */
		AD344FA1249F9BA900E839DC /* Frameworks */ = {
			isa = PBXFrameworksBuildPhase;
			buildActionMask = 2147483647;
			files = (
			);
			runOnlyForDeploymentPostprocessing = 0;
		};
		AD344FBC249F9BAD00E839DC /* Frameworks */ = {
			isa = PBXFrameworksBuildPhase;
			buildActionMask = 2147483647;
			files = (
			);
			runOnlyForDeploymentPostprocessing = 0;
		};
		AD344FC7249F9BAD00E839DC /* Frameworks */ = {
			isa = PBXFrameworksBuildPhase;
			buildActionMask = 2147483647;
			files = (
			);
			runOnlyForDeploymentPostprocessing = 0;
		};
/* End PBXFrameworksBuildPhase section */

/* Begin PBXGroup section */
		AD344F9B249F9BA900E839DC = {
			isa = PBXGroup;
			children = (
				AD344FA6249F9BA900E839DC /* Task-6 */,
				AD344FC2249F9BAD00E839DC /* Task-6Tests */,
				AD344FCD249F9BAD00E839DC /* Task-6UITests */,
				AD344FA5249F9BA900E839DC /* Products */,
			);
			sourceTree = "<group>";
		};
		AD344FA5249F9BA900E839DC /* Products */ = {
			isa = PBXGroup;
			children = (
				AD344FA4249F9BA900E839DC /* Task-6.app */,
				AD344FBF249F9BAD00E839DC /* Task-6Tests.xctest */,
				AD344FCA249F9BAD00E839DC /* Task-6UITests.xctest */,
			);
			name = Products;
			sourceTree = "<group>";
		};
		AD344FA6249F9BA900E839DC /* Task-6 */ = {
			isa = PBXGroup;
			children = (
				AD344FA7249F9BA900E839DC /* AppDelegate.h */,
				AD344FA8249F9BA900E839DC /* AppDelegate.m */,
				AD344FAA249F9BA900E839DC /* SceneDelegate.h */,
				AD344FAB249F9BA900E839DC /* SceneDelegate.m */,
				AD344FAD249F9BA900E839DC /* ViewController.h */,
				AD344FAE249F9BA900E839DC /* ViewController.m */,
				AD344FB3249F9BAC00E839DC /* Assets.xcassets */,
				AD344FB5249F9BAC00E839DC /* LaunchScreen.storyboard */,
				AD344FB8249F9BAC00E839DC /* Info.plist */,
				AD344FB9249F9BAC00E839DC /* main.m */,
				AD344FF8249FCD4800E839DC /* Cells */,
				AD344FF7249FCD0D00E839DC /* Tabs */,
				AD344FDC249F9BEE00E839DC /* HomeViewController.h */,
				AD344FDD249F9BEE00E839DC /* HomeViewController.m */,
				AD344FDF249F9C2300E839DC /* UIColor+HexToUIColor.h */,
				AD344FE0249F9C2300E839DC /* UIColor+HexToUIColor.m */,
				AD344FE2249F9C9800E839DC /* NavigationController.h */,
				AD344FE3249F9C9800E839DC /* NavigationController.m */,
				AD344FE5249F9D7100E839DC /* TabBarViewController.h */,
				AD344FE6249F9D7100E839DC /* TabBarViewController.m */,
				AD344FFE249FD21D00E839DC /* AdditionalInfoViewController.h */,
				AD344FFF249FD21D00E839DC /* AdditionalInfoViewController.m */,
				AD34500124A20D4400E839DC /* ModalViewController.h */,
				AD34500224A20D4400E839DC /* ModalViewController.m */,
			);
			path = "Task-6";
			sourceTree = "<group>";
		};
		AD344FC2249F9BAD00E839DC /* Task-6Tests */ = {
			isa = PBXGroup;
			children = (
				AD344FC3249F9BAD00E839DC /* Task_6Tests.m */,
				AD344FC5249F9BAD00E839DC /* Info.plist */,
			);
			path = "Task-6Tests";
			sourceTree = "<group>";
		};
		AD344FCD249F9BAD00E839DC /* Task-6UITests */ = {
			isa = PBXGroup;
			children = (
				AD344FCE249F9BAD00E839DC /* Task_6UITests.m */,
				AD344FD0249F9BAD00E839DC /* Info.plist */,
			);
			path = "Task-6UITests";
			sourceTree = "<group>";
		};
		AD344FF7249FCD0D00E839DC /* Tabs */ = {
			isa = PBXGroup;
			children = (
				AD344FE8249F9F8100E839DC /* InfoViewController.h */,
				AD344FE9249F9F8100E839DC /* InfoViewController.m */,
				AD344FEB249F9F9400E839DC /* GalleryViewController.h */,
				AD344FEC249F9F9400E839DC /* GalleryViewController.m */,
				AD344FEE249F9FA700E839DC /* RSSchoolViewController.h */,
				AD344FEF249F9FA700E839DC /* RSSchoolViewController.m */,
			);
			path = Tabs;
			sourceTree = "<group>";
		};
		AD344FF8249FCD4800E839DC /* Cells */ = {
			isa = PBXGroup;
			children = (
				AD344FF4249FB94200E839DC /* CustomTableViewCell.h */,
				AD344FF5249FB94200E839DC /* CustomTableViewCell.m */,
				AD344FF1249FB5D500E839DC /* ImageCollectionViewCell.h */,
				AD344FF2249FB5D600E839DC /* ImageCollectionViewCell.m */,
			);
			path = Cells;
			sourceTree = "<group>";
		};
/* End PBXGroup section */

/* Begin PBXNativeTarget section */
		AD344FA3249F9BA900E839DC /* Task-6 */ = {
			isa = PBXNativeTarget;
			buildConfigurationList = AD344FD3249F9BAD00E839DC /* Build configuration list for PBXNativeTarget "Task-6" */;
			buildPhases = (
				AD344FA0249F9BA900E839DC /* Sources */,
				AD344FA1249F9BA900E839DC /* Frameworks */,
				AD344FA2249F9BA900E839DC /* Resources */,
			);
			buildRules = (
			);
			dependencies = (
			);
			name = "Task-6";
			productName = "Task-6";
			productReference = AD344FA4249F9BA900E839DC /* Task-6.app */;
			productType = "com.apple.product-type.application";
		};
		AD344FBE249F9BAD00E839DC /* Task-6Tests */ = {
			isa = PBXNativeTarget;
			buildConfigurationList = AD344FD6249F9BAD00E839DC /* Build configuration list for PBXNativeTarget "Task-6Tests" */;
			buildPhases = (
				AD344FBB249F9BAD00E839DC /* Sources */,
				AD344FBC249F9BAD00E839DC /* Frameworks */,
				AD344FBD249F9BAD00E839DC /* Resources */,
			);
			buildRules = (
			);
			dependencies = (
				AD344FC1249F9BAD00E839DC /* PBXTargetDependency */,
			);
			name = "Task-6Tests";
			productName = "Task-6Tests";
			productReference = AD344FBF249F9BAD00E839DC /* Task-6Tests.xctest */;
			productType = "com.apple.product-type.bundle.unit-test";
		};
		AD344FC9249F9BAD00E839DC /* Task-6UITests */ = {
			isa = PBXNativeTarget;
			buildConfigurationList = AD344FD9249F9BAD00E839DC /* Build configuration list for PBXNativeTarget "Task-6UITests" */;
			buildPhases = (
				AD344FC6249F9BAD00E839DC /* Sources */,
				AD344FC7249F9BAD00E839DC /* Frameworks */,
				AD344FC8249F9BAD00E839DC /* Resources */,
			);
			buildRules = (
			);
			dependencies = (
				AD344FCC249F9BAD00E839DC /* PBXTargetDependency */,
			);
			name = "Task-6UITests";
			productName = "Task-6UITests";
			productReference = AD344FCA249F9BAD00E839DC /* Task-6UITests.xctest */;
			productType = "com.apple.product-type.bundle.ui-testing";
		};
/* End PBXNativeTarget section */

/* Begin PBXProject section */
		AD344F9C249F9BA900E839DC /* Project object */ = {
			isa = PBXProject;
			attributes = {
				LastUpgradeCheck = 1130;
				ORGANIZATIONNAME = "Владислав Станкевич";
				TargetAttributes = {
					AD344FA3249F9BA900E839DC = {
						CreatedOnToolsVersion = 11.3.1;
					};
					AD344FBE249F9BAD00E839DC = {
						CreatedOnToolsVersion = 11.3.1;
						TestTargetID = AD344FA3249F9BA900E839DC;
					};
					AD344FC9249F9BAD00E839DC = {
						CreatedOnToolsVersion = 11.3.1;
						TestTargetID = AD344FA3249F9BA900E839DC;
					};
				};
			};
			buildConfigurationList = AD344F9F249F9BA900E839DC /* Build configuration list for PBXProject "Task-6" */;
			compatibilityVersion = "Xcode 9.3";
			developmentRegion = en;
			hasScannedForEncodings = 0;
			knownRegions = (
				en,
				Base,
			);
			mainGroup = AD344F9B249F9BA900E839DC;
			productRefGroup = AD344FA5249F9BA900E839DC /* Products */;
			projectDirPath = "";
			projectRoot = "";
			targets = (
				AD344FA3249F9BA900E839DC /* Task-6 */,
				AD344FBE249F9BAD00E839DC /* Task-6Tests */,
				AD344FC9249F9BAD00E839DC /* Task-6UITests */,
			);
		};
/* End PBXProject section */

/* Begin PBXResourcesBuildPhase section */
		AD344FA2249F9BA900E839DC /* Resources */ = {
			isa = PBXResourcesBuildPhase;
			buildActionMask = 2147483647;
			files = (
				AD344FB7249F9BAC00E839DC /* LaunchScreen.storyboard in Resources */,
				AD344FB4249F9BAC00E839DC /* Assets.xcassets in Resources */,
			);
			runOnlyForDeploymentPostprocessing = 0;
		};
		AD344FBD249F9BAD00E839DC /* Resources */ = {
			isa = PBXResourcesBuildPhase;
			buildActionMask = 2147483647;
			files = (
			);
			runOnlyForDeploymentPostprocessing = 0;
		};
		AD344FC8249F9BAD00E839DC /* Resources */ = {
			isa = PBXResourcesBuildPhase;
			buildActionMask = 2147483647;
			files = (
			);
			runOnlyForDeploymentPostprocessing = 0;
		};
/* End PBXResourcesBuildPhase section */

/* Begin PBXSourcesBuildPhase section */
		AD344FA0249F9BA900E839DC /* Sources */ = {
			isa = PBXSourcesBuildPhase;
			buildActionMask = 2147483647;
			files = (
				AD344FE1249F9C2300E839DC /* UIColor+HexToUIColor.m in Sources */,
				AD344FF0249F9FA700E839DC /* RSSchoolViewController.m in Sources */,
				AD34500324A20D4400E839DC /* ModalViewController.m in Sources */,
				AD344FAF249F9BA900E839DC /* ViewController.m in Sources */,
				AD344FEA249F9F8100E839DC /* InfoViewController.m in Sources */,
				AD344FA9249F9BA900E839DC /* AppDelegate.m in Sources */,
				AD345000249FD21D00E839DC /* AdditionalInfoViewController.m in Sources */,
				AD344FBA249F9BAC00E839DC /* main.m in Sources */,
				AD344FE7249F9D7100E839DC /* TabBarViewController.m in Sources */,
				AD344FDE249F9BEE00E839DC /* HomeViewController.m in Sources */,
				AD344FAC249F9BA900E839DC /* SceneDelegate.m in Sources */,
				AD344FE4249F9C9800E839DC /* NavigationController.m in Sources */,
				AD344FF3249FB5D600E839DC /* ImageCollectionViewCell.m in Sources */,
				AD344FED249F9F9400E839DC /* GalleryViewController.m in Sources */,
				AD344FF6249FB94200E839DC /* CustomTableViewCell.m in Sources */,
			);
			runOnlyForDeploymentPostprocessing = 0;
		};
		AD344FBB249F9BAD00E839DC /* Sources */ = {
			isa = PBXSourcesBuildPhase;
			buildActionMask = 2147483647;
			files = (
				AD344FC4249F9BAD00E839DC /* Task_6Tests.m in Sources */,
			);
			runOnlyForDeploymentPostprocessing = 0;
		};
		AD344FC6249F9BAD00E839DC /* Sources */ = {
			isa = PBXSourcesBuildPhase;
			buildActionMask = 2147483647;
			files = (
				AD344FCF249F9BAD00E839DC /* Task_6UITests.m in Sources */,
			);
			runOnlyForDeploymentPostprocessing = 0;
		};
/* End PBXSourcesBuildPhase section */

/* Begin PBXTargetDependency section */
		AD344FC1249F9BAD00E839DC /* PBXTargetDependency */ = {
			isa = PBXTargetDependency;
			target = AD344FA3249F9BA900E839DC /* Task-6 */;
			targetProxy = AD344FC0249F9BAD00E839DC /* PBXContainerItemProxy */;
		};
		AD344FCC249F9BAD00E839DC /* PBXTargetDependency */ = {
			isa = PBXTargetDependency;
			target = AD344FA3249F9BA900E839DC /* Task-6 */;
			targetProxy = AD344FCB249F9BAD00E839DC /* PBXContainerItemProxy */;
		};
/* End PBXTargetDependency section */

/* Begin PBXVariantGroup section */
		AD344FB5249F9BAC00E839DC /* LaunchScreen.storyboard */ = {
			isa = PBXVariantGroup;
			children = (
				AD344FB6249F9BAC00E839DC /* Base */,
			);
			name = LaunchScreen.storyboard;
			sourceTree = "<group>";
		};
/* End PBXVariantGroup section */

/* Begin XCBuildConfiguration section */
		AD344FD1249F9BAD00E839DC /* Debug */ = {
			isa = XCBuildConfiguration;
			buildSettings = {
				ALWAYS_SEARCH_USER_PATHS = NO;
				CLANG_ANALYZER_NONNULL = YES;
				CLANG_ANALYZER_NUMBER_OBJECT_CONVERSION = YES_AGGRESSIVE;
				CLANG_CXX_LANGUAGE_STANDARD = "gnu++14";
				CLANG_CXX_LIBRARY = "libc++";
				CLANG_ENABLE_MODULES = YES;
				CLANG_ENABLE_OBJC_ARC = YES;
				CLANG_ENABLE_OBJC_WEAK = YES;
				CLANG_WARN_BLOCK_CAPTURE_AUTORELEASING = YES;
				CLANG_WARN_BOOL_CONVERSION = YES;
				CLANG_WARN_COMMA = YES;
				CLANG_WARN_CONSTANT_CONVERSION = YES;
				CLANG_WARN_DEPRECATED_OBJC_IMPLEMENTATIONS = YES;
				CLANG_WARN_DIRECT_OBJC_ISA_USAGE = YES_ERROR;
				CLANG_WARN_DOCUMENTATION_COMMENTS = YES;
				CLANG_WARN_EMPTY_BODY = YES;
				CLANG_WARN_ENUM_CONVERSION = YES;
				CLANG_WARN_INFINITE_RECURSION = YES;
				CLANG_WARN_INT_CONVERSION = YES;
				CLANG_WARN_NON_LITERAL_NULL_CONVERSION = YES;
				CLANG_WARN_OBJC_IMPLICIT_RETAIN_SELF = YES;
				CLANG_WARN_OBJC_LITERAL_CONVERSION = YES;
				CLANG_WARN_OBJC_ROOT_CLASS = YES_ERROR;
				CLANG_WARN_RANGE_LOOP_ANALYSIS = YES;
				CLANG_WARN_STRICT_PROTOTYPES = YES;
				CLANG_WARN_SUSPICIOUS_MOVE = YES;
				CLANG_WARN_UNGUARDED_AVAILABILITY = YES_AGGRESSIVE;
				CLANG_WARN_UNREACHABLE_CODE = YES;
				CLANG_WARN__DUPLICATE_METHOD_MATCH = YES;
				COPY_PHASE_STRIP = NO;
				DEBUG_INFORMATION_FORMAT = dwarf;
				ENABLE_STRICT_OBJC_MSGSEND = YES;
				ENABLE_TESTABILITY = YES;
				GCC_C_LANGUAGE_STANDARD = gnu11;
				GCC_DYNAMIC_NO_PIC = NO;
				GCC_NO_COMMON_BLOCKS = YES;
				GCC_OPTIMIZATION_LEVEL = 0;
				GCC_PREPROCESSOR_DEFINITIONS = (
					"DEBUG=1",
					"$(inherited)",
				);
				GCC_WARN_64_TO_32_BIT_CONVERSION = YES;
				GCC_WARN_ABOUT_RETURN_TYPE = YES_ERROR;
				GCC_WARN_UNDECLARED_SELECTOR = YES;
				GCC_WARN_UNINITIALIZED_AUTOS = YES_AGGRESSIVE;
				GCC_WARN_UNUSED_FUNCTION = YES;
				GCC_WARN_UNUSED_VARIABLE = YES;
				IPHONEOS_DEPLOYMENT_TARGET = 13.2;
				MTL_ENABLE_DEBUG_INFO = INCLUDE_SOURCE;
				MTL_FAST_MATH = YES;
				ONLY_ACTIVE_ARCH = YES;
				SDKROOT = iphoneos;
			};
			name = Debug;
		};
		AD344FD2249F9BAD00E839DC /* Release */ = {
			isa = XCBuildConfiguration;
			buildSettings = {
				ALWAYS_SEARCH_USER_PATHS = NO;
				CLANG_ANALYZER_NONNULL = YES;
				CLANG_ANALYZER_NUMBER_OBJECT_CONVERSION = YES_AGGRESSIVE;
				CLANG_CXX_LANGUAGE_STANDARD = "gnu++14";
				CLANG_CXX_LIBRARY = "libc++";
				CLANG_ENABLE_MODULES = YES;
				CLANG_ENABLE_OBJC_ARC = YES;
				CLANG_ENABLE_OBJC_WEAK = YES;
				CLANG_WARN_BLOCK_CAPTURE_AUTORELEASING = YES;
				CLANG_WARN_BOOL_CONVERSION = YES;
				CLANG_WARN_COMMA = YES;
				CLANG_WARN_CONSTANT_CONVERSION = YES;
				CLANG_WARN_DEPRECATED_OBJC_IMPLEMENTATIONS = YES;
				CLANG_WARN_DIRECT_OBJC_ISA_USAGE = YES_ERROR;
				CLANG_WARN_DOCUMENTATION_COMMENTS = YES;
				CLANG_WARN_EMPTY_BODY = YES;
				CLANG_WARN_ENUM_CONVERSION = YES;
				CLANG_WARN_INFINITE_RECURSION = YES;
				CLANG_WARN_INT_CONVERSION = YES;
				CLANG_WARN_NON_LITERAL_NULL_CONVERSION = YES;
				CLANG_WARN_OBJC_IMPLICIT_RETAIN_SELF = YES;
				CLANG_WARN_OBJC_LITERAL_CONVERSION = YES;
				CLANG_WARN_OBJC_ROOT_CLASS = YES_ERROR;
				CLANG_WARN_RANGE_LOOP_ANALYSIS = YES;
				CLANG_WARN_STRICT_PROTOTYPES = YES;
				CLANG_WARN_SUSPICIOUS_MOVE = YES;
				CLANG_WARN_UNGUARDED_AVAILABILITY = YES_AGGRESSIVE;
				CLANG_WARN_UNREACHABLE_CODE = YES;
				CLANG_WARN__DUPLICATE_METHOD_MATCH = YES;
				COPY_PHASE_STRIP = NO;
				DEBUG_INFORMATION_FORMAT = "dwarf-with-dsym";
				ENABLE_NS_ASSERTIONS = NO;
				ENABLE_STRICT_OBJC_MSGSEND = YES;
				GCC_C_LANGUAGE_STANDARD = gnu11;
				GCC_NO_COMMON_BLOCKS = YES;
				GCC_WARN_64_TO_32_BIT_CONVERSION = YES;
				GCC_WARN_ABOUT_RETURN_TYPE = YES_ERROR;
				GCC_WARN_UNDECLARED_SELECTOR = YES;
				GCC_WARN_UNINITIALIZED_AUTOS = YES_AGGRESSIVE;
				GCC_WARN_UNUSED_FUNCTION = YES;
				GCC_WARN_UNUSED_VARIABLE = YES;
				IPHONEOS_DEPLOYMENT_TARGET = 13.2;
				MTL_ENABLE_DEBUG_INFO = NO;
				MTL_FAST_MATH = YES;
				SDKROOT = iphoneos;
				VALIDATE_PRODUCT = YES;
			};
			name = Release;
		};
		AD344FD4249F9BAD00E839DC /* Debug */ = {
			isa = XCBuildConfiguration;
			buildSettings = {
				ASSETCATALOG_COMPILER_APPICON_NAME = AppIcon;
				CODE_SIGN_STYLE = Automatic;
				DEVELOPMENT_TEAM = C46KC9Y2PT;
				INFOPLIST_FILE = "Task-6/Info.plist";
				IPHONEOS_DEPLOYMENT_TARGET = 10.0;
				LD_RUNPATH_SEARCH_PATHS = (
					"$(inherited)",
					"@executable_path/Frameworks",
				);
				PRODUCT_BUNDLE_IDENTIFIER = "-23.Task-6";
				PRODUCT_NAME = "$(TARGET_NAME)";
				TARGETED_DEVICE_FAMILY = "1,2";
			};
			name = Debug;
		};
		AD344FD5249F9BAD00E839DC /* Release */ = {
			isa = XCBuildConfiguration;
			buildSettings = {
				ASSETCATALOG_COMPILER_APPICON_NAME = AppIcon;
				CODE_SIGN_STYLE = Automatic;
				DEVELOPMENT_TEAM = C46KC9Y2PT;
				INFOPLIST_FILE = "Task-6/Info.plist";
				IPHONEOS_DEPLOYMENT_TARGET = 10.0;
				LD_RUNPATH_SEARCH_PATHS = (
					"$(inherited)",
					"@executable_path/Frameworks",
				);
				PRODUCT_BUNDLE_IDENTIFIER = "-23.Task-6";
				PRODUCT_NAME = "$(TARGET_NAME)";
				TARGETED_DEVICE_FAMILY = "1,2";
			};
			name = Release;
		};
		AD344FD7249F9BAD00E839DC /* Debug */ = {
			isa = XCBuildConfiguration;
			buildSettings = {
				BUNDLE_LOADER = "$(TEST_HOST)";
				CODE_SIGN_STYLE = Automatic;
				INFOPLIST_FILE = "Task-6Tests/Info.plist";
				IPHONEOS_DEPLOYMENT_TARGET = 13.2;
				LD_RUNPATH_SEARCH_PATHS = (
					"$(inherited)",
					"@executable_path/Frameworks",
					"@loader_path/Frameworks",
				);
				PRODUCT_BUNDLE_IDENTIFIER = "-23.Task-6Tests";
				PRODUCT_NAME = "$(TARGET_NAME)";
				TARGETED_DEVICE_FAMILY = "1,2";
				TEST_HOST = "$(BUILT_PRODUCTS_DIR)/Task-6.app/Task-6";
			};
			name = Debug;
		};
		AD344FD8249F9BAD00E839DC /* Release */ = {
			isa = XCBuildConfiguration;
			buildSettings = {
				BUNDLE_LOADER = "$(TEST_HOST)";
				CODE_SIGN_STYLE = Automatic;
				INFOPLIST_FILE = "Task-6Tests/Info.plist";
				IPHONEOS_DEPLOYMENT_TARGET = 13.2;
				LD_RUNPATH_SEARCH_PATHS = (
					"$(inherited)",
					"@executable_path/Frameworks",
					"@loader_path/Frameworks",
				);
				PRODUCT_BUNDLE_IDENTIFIER = "-23.Task-6Tests";
				PRODUCT_NAME = "$(TARGET_NAME)";
				TARGETED_DEVICE_FAMILY = "1,2";
				TEST_HOST = "$(BUILT_PRODUCTS_DIR)/Task-6.app/Task-6";
			};
			name = Release;
		};
		AD344FDA249F9BAD00E839DC /* Debug */ = {
			isa = XCBuildConfiguration;
			buildSettings = {
				CODE_SIGN_STYLE = Automatic;
				INFOPLIST_FILE = "Task-6UITests/Info.plist";
				LD_RUNPATH_SEARCH_PATHS = (
					"$(inherited)",
					"@executable_path/Frameworks",
					"@loader_path/Frameworks",
				);
				PRODUCT_BUNDLE_IDENTIFIER = "-23.Task-6UITests";
				PRODUCT_NAME = "$(TARGET_NAME)";
				TARGETED_DEVICE_FAMILY = "1,2";
				TEST_TARGET_NAME = "Task-6";
			};
			name = Debug;
		};
		AD344FDB249F9BAD00E839DC /* Release */ = {
			isa = XCBuildConfiguration;
			buildSettings = {
				CODE_SIGN_STYLE = Automatic;
				INFOPLIST_FILE = "Task-6UITests/Info.plist";
				LD_RUNPATH_SEARCH_PATHS = (
					"$(inherited)",
					"@executable_path/Frameworks",
					"@loader_path/Frameworks",
				);
				PRODUCT_BUNDLE_IDENTIFIER = "-23.Task-6UITests";
				PRODUCT_NAME = "$(TARGET_NAME)";
				TARGETED_DEVICE_FAMILY = "1,2";
				TEST_TARGET_NAME = "Task-6";
			};
			name = Release;
		};
/* End XCBuildConfiguration section */

/* Begin XCConfigurationList section */
		AD344F9F249F9BA900E839DC /* Build configuration list for PBXProject "Task-6" */ = {
			isa = XCConfigurationList;
			buildConfigurations = (
				AD344FD1249F9BAD00E839DC /* Debug */,
				AD344FD2249F9BAD00E839DC /* Release */,
			);
			defaultConfigurationIsVisible = 0;
			defaultConfigurationName = Release;
		};
		AD344FD3249F9BAD00E839DC /* Build configuration list for PBXNativeTarget "Task-6" */ = {
			isa = XCConfigurationList;
			buildConfigurations = (
				AD344FD4249F9BAD00E839DC /* Debug */,
				AD344FD5249F9BAD00E839DC /* Release */,
			);
			defaultConfigurationIsVisible = 0;
			defaultConfigurationName = Release;
		};
		AD344FD6249F9BAD00E839DC /* Build configuration list for PBXNativeTarget "Task-6Tests" */ = {
			isa = XCConfigurationList;
			buildConfigurations = (
				AD344FD7249F9BAD00E839DC /* Debug */,
				AD344FD8249F9BAD00E839DC /* Release */,
			);
			defaultConfigurationIsVisible = 0;
			defaultConfigurationName = Release;
		};
		AD344FD9249F9BAD00E839DC /* Build configuration list for PBXNativeTarget "Task-6UITests" */ = {
			isa = XCConfigurationList;
			buildConfigurations = (
				AD344FDA249F9BAD00E839DC /* Debug */,
				AD344FDB249F9BAD00E839DC /* Release */,
			);
			defaultConfigurationIsVisible = 0;
			defaultConfigurationName = Release;
		};
/* End XCConfigurationList section */
	};
	rootObject = AD344F9C249F9BA900E839DC /* Project object */;
}
